Microsoft Visual Studio Solution File, Format Version 12.00
# Visual Studio Version 17
VisualStudioVersion = 17.5.2.0
MinimumVisualStudioVersion = 10.0.40219.1
Project("{FAE04EC0-301F-11D3-BF4B-00C04F79EFBC}") = "BYUClinicCareApp", "BYUClinicCareApp.csproj", "{7DF8DFD3-BCBA-3EF5-1E6D-7885DA76ECD4}"
EndProject
Global
	GlobalSection(SolutionConfigurationPlatforms) = preSolution
		Debug|Any CPU = Debug|Any CPU
		Release|Any CPU = Release|Any CPU
	EndGlobalSection
	GlobalSection(ProjectConfigurationPlatforms) = postSolution
		{7DF8DFD3-BCBA-3EF5-1E6D-7885DA76ECD4}.Debug|Any CPU.ActiveCfg = Debug|Any CPU
		{7DF8DFD3-BCBA-3EF5-1E6D-7885DA76ECD4}.Debug|Any CPU.Build.0 = Debug|Any CPU
		{7DF8DFD3-BCBA-3EF5-1E6D-7885DA76ECD4}.Release|Any CPU.ActiveCfg = Release|Any CPU
		{7DF8DFD3-BCBA-3EF5-1E6D-7885DA76ECD4}.Release|Any CPU.Build.0 = Release|Any CPU
	EndGlobalSection
	GlobalSection(SolutionProperties) = preSolution
		HideSolutionNode = FALSE
	EndGlobalSection
	GlobalSection(ExtensibilityGlobals) = postSolution
		SolutionGuid = {053AAA1D-E23E-4A45-A5A1-80BFB32D3D9F}
	EndGlobalSection
EndGlobal
